
Microsoft Visual Studio Solution File, Format Version 12.00
# Visual Studio 15
VisualStudioVersion = 15.0.28307.421
MinimumVisualStudioVersion = 10.0.40219.1
Project("{FAE04EC0-301F-11D3-BF4B-00C04F79EFBC}") = "MedicineSecurityReport", "MedicineSecurityReport\MedicineSecurityReport.csproj", "{1A61DAAF-90DB-4932-82B8-1B18855BFA24}"
EndProject
Global
	GlobalSection(SolutionConfigurationPlatforms) = preSolution
		Debug|Any CPU = Debug|Any CPU
		Release|Any CPU = Release|Any CPU
	EndGlobalSection
	GlobalSection(ProjectConfigurationPlatforms) = postSolution
		{1A61DAAF-90DB-4932-82B8-1B18855BFA24}.Debug|Any CPU.ActiveCfg = Debug|Any CPU
		{1A61DAAF-90DB-4932-82B8-1B18855BFA24}.Debug|Any CPU.Build.0 = Debug|Any CPU
		{1A61DAAF-90DB-4932-82B8-1B18855BFA24}.Release|Any CPU.ActiveCfg = Release|Any CPU
		{1A61DAAF-90DB-4932-82B8-1B18855BFA24}.Release|Any CPU.Build.0 = Release|Any CPU
	EndGlobalSection
	GlobalSection(SolutionProperties) = preSolution
		HideSolutionNode = FALSE
	EndGlobalSection
	GlobalSection(ExtensibilityGlobals) = postSolution
		SolutionGuid = {41879C75-5436-4B0F-8173-162BB9C1BE02}
	EndGlobalSection
EndGlobal
